
Microsoft Visual Studio Solution File, Format Version 12.00
Project("{FAE04EC0-301F-11D3-BF4B-00C04F79EFBC}") = "TaskBoard.DAL", "TaskBoard.DAL\TaskBoard.DAL.csproj", "{18F23C60-A30C-4A53-8571-7050EF0B00A2}"
EndProject
Project("{FAE04EC0-301F-11D3-BF4B-00C04F79EFBC}") = "TaskBoard.BLL", "TaskBoard.BLL\TaskBoard.BLL.csproj", "{06C37547-F625-49E4-9466-80722C4DE4F0}"
EndProject
Project("{FAE04EC0-301F-11D3-BF4B-00C04F79EFBC}") = "TaskBoard.WebAPI", "TaskBoard.WebAPI\TaskBoard.WebAPI.csproj", "{C5A92A18-1D3A-4776-B196-ED17CDEFE5AE}"
EndProject
Project("{FAE04EC0-301F-11D3-BF4B-00C04F79EFBC}") = "TaskBoard.Tests", "TaskBoard.Tests\TaskBoard.Tests.csproj", "{0AAFF571-9DEC-48CD-97A0-2BA223F8DE50}"
EndProject
Global
	GlobalSection(SolutionConfigurationPlatforms) = preSolution
		Debug|Any CPU = Debug|Any CPU
		Release|Any CPU = Release|Any CPU
	EndGlobalSection
	GlobalSection(ProjectConfigurationPlatforms) = postSolution
		{18F23C60-A30C-4A53-8571-7050EF0B00A2}.Debug|Any CPU.ActiveCfg = Debug|Any CPU
		{18F23C60-A30C-4A53-8571-7050EF0B00A2}.Debug|Any CPU.Build.0 = Debug|Any CPU
		{18F23C60-A30C-4A53-8571-7050EF0B00A2}.Release|Any CPU.ActiveCfg = Release|Any CPU
		{18F23C60-A30C-4A53-8571-7050EF0B00A2}.Release|Any CPU.Build.0 = Release|Any CPU
		{06C37547-F625-49E4-9466-80722C4DE4F0}.Debug|Any CPU.ActiveCfg = Debug|Any CPU
		{06C37547-F625-49E4-9466-80722C4DE4F0}.Debug|Any CPU.Build.0 = Debug|Any CPU
		{06C37547-F625-49E4-9466-80722C4DE4F0}.Release|Any CPU.ActiveCfg = Release|Any CPU
		{06C37547-F625-49E4-9466-80722C4DE4F0}.Release|Any CPU.Build.0 = Release|Any CPU
		{C5A92A18-1D3A-4776-B196-ED17CDEFE5AE}.Debug|Any CPU.ActiveCfg = Debug|Any CPU
		{C5A92A18-1D3A-4776-B196-ED17CDEFE5AE}.Debug|Any CPU.Build.0 = Debug|Any CPU
		{C5A92A18-1D3A-4776-B196-ED17CDEFE5AE}.Release|Any CPU.ActiveCfg = Release|Any CPU
		{C5A92A18-1D3A-4776-B196-ED17CDEFE5AE}.Release|Any CPU.Build.0 = Release|Any CPU
		{0AAFF571-9DEC-48CD-97A0-2BA223F8DE50}.Debug|Any CPU.ActiveCfg = Debug|Any CPU
		{0AAFF571-9DEC-48CD-97A0-2BA223F8DE50}.Debug|Any CPU.Build.0 = Debug|Any CPU
		{0AAFF571-9DEC-48CD-97A0-2BA223F8DE50}.Release|Any CPU.ActiveCfg = Release|Any CPU
		{0AAFF571-9DEC-48CD-97A0-2BA223F8DE50}.Release|Any CPU.Build.0 = Release|Any CPU
	EndGlobalSection
EndGlobal
